
Microsoft Visual Studio Solution File, Format Version 12.00
# Visual Studio 15
VisualStudioVersion = 15.0.26730.15
MinimumVisualStudioVersion = 10.0.40219.1
Project("{930C7802-8A8C-48F9-8165-68863BCCD9DD}") = "SalmaInstaller", "SalmaInstaller\SalmaInstaller.wixproj", "{3BC4CD6A-0F9C-4F55-AFB9-BBC60B086F67}"
EndProject
Project("{FAE04EC0-301F-11D3-BF4B-00C04F79EFBC}") = "Salma", "Salma2010\Salma.csproj", "{C20F4223-7B33-4BFA-9088-E15114F4CDED}"
EndProject
Project("{FAE04EC0-301F-11D3-BF4B-00C04F79EFBC}") = "WordToTFS", "WordToTFS\WordToTFS.csproj", "{D07459D2-2D22-42AA-8F74-B7BBE19C6758}"
EndProject
Global
	GlobalSection(SolutionConfigurationPlatforms) = preSolution
		CD_ROM|Any CPU = CD_ROM|Any CPU
		CD_ROM|Mixed Platforms = CD_ROM|Mixed Platforms
		CD_ROM|X64 = CD_ROM|X64
		CD_ROM|x86 = CD_ROM|x86
		Debug|Any CPU = Debug|Any CPU
		Debug|Mixed Platforms = Debug|Mixed Platforms
		Debug|X64 = Debug|X64
		Debug|x86 = Debug|x86
		DVD-5|Any CPU = DVD-5|Any CPU
		DVD-5|Mixed Platforms = DVD-5|Mixed Platforms
		DVD-5|X64 = DVD-5|X64
		DVD-5|x86 = DVD-5|x86
		Release|Any CPU = Release|Any CPU
		Release|Mixed Platforms = Release|Mixed Platforms
		Release|X64 = Release|X64
		Release|x86 = Release|x86
		SingleImage|Any CPU = SingleImage|Any CPU
		SingleImage|Mixed Platforms = SingleImage|Mixed Platforms
		SingleImage|X64 = SingleImage|X64
		SingleImage|x86 = SingleImage|x86
	EndGlobalSection
	GlobalSection(ProjectConfigurationPlatforms) = postSolution
		{3BC4CD6A-0F9C-4F55-AFB9-BBC60B086F67}.CD_ROM|Any CPU.ActiveCfg = Release|x86
		{3BC4CD6A-0F9C-4F55-AFB9-BBC60B086F67}.CD_ROM|Mixed Platforms.ActiveCfg = Release|x86
		{3BC4CD6A-0F9C-4F55-AFB9-BBC60B086F67}.CD_ROM|Mixed Platforms.Build.0 = Release|x86
		{3BC4CD6A-0F9C-4F55-AFB9-BBC60B086F67}.CD_ROM|X64.ActiveCfg = Release|x86
		{3BC4CD6A-0F9C-4F55-AFB9-BBC60B086F67}.CD_ROM|x86.ActiveCfg = Release|x86
		{3BC4CD6A-0F9C-4F55-AFB9-BBC60B086F67}.CD_ROM|x86.Build.0 = Release|x86
		{3BC4CD6A-0F9C-4F55-AFB9-BBC60B086F67}.Debug|Any CPU.ActiveCfg = Debug|x86
		{3BC4CD6A-0F9C-4F55-AFB9-BBC60B086F67}.Debug|Mixed Platforms.ActiveCfg = Debug|x86
		{3BC4CD6A-0F9C-4F55-AFB9-BBC60B086F67}.Debug|Mixed Platforms.Build.0 = Debug|x86
		{3BC4CD6A-0F9C-4F55-AFB9-BBC60B086F67}.Debug|X64.ActiveCfg = Debug|x86
		{3BC4CD6A-0F9C-4F55-AFB9-BBC60B086F67}.Debug|x86.ActiveCfg = Debug|x86
		{3BC4CD6A-0F9C-4F55-AFB9-BBC60B086F67}.Debug|x86.Build.0 = Debug|x86
		{3BC4CD6A-0F9C-4F55-AFB9-BBC60B086F67}.DVD-5|Any CPU.ActiveCfg = Debug|x86
		{3BC4CD6A-0F9C-4F55-AFB9-BBC60B086F67}.DVD-5|Mixed Platforms.ActiveCfg = Debug|x86
		{3BC4CD6A-0F9C-4F55-AFB9-BBC60B086F67}.DVD-5|Mixed Platforms.Build.0 = Debug|x86
		{3BC4CD6A-0F9C-4F55-AFB9-BBC60B086F67}.DVD-5|X64.ActiveCfg = Debug|x86
		{3BC4CD6A-0F9C-4F55-AFB9-BBC60B086F67}.DVD-5|x86.ActiveCfg = Debug|x86
		{3BC4CD6A-0F9C-4F55-AFB9-BBC60B086F67}.DVD-5|x86.Build.0 = Debug|x86
		{3BC4CD6A-0F9C-4F55-AFB9-BBC60B086F67}.Release|Any CPU.ActiveCfg = Release|x86
		{3BC4CD6A-0F9C-4F55-AFB9-BBC60B086F67}.Release|Mixed Platforms.ActiveCfg = Release|x86
		{3BC4CD6A-0F9C-4F55-AFB9-BBC60B086F67}.Release|Mixed Platforms.Build.0 = Release|x86
		{3BC4CD6A-0F9C-4F55-AFB9-BBC60B086F67}.Release|X64.ActiveCfg = Release|x86
		{3BC4CD6A-0F9C-4F55-AFB9-BBC60B086F67}.Release|x86.ActiveCfg = Release|x86
		{3BC4CD6A-0F9C-4F55-AFB9-BBC60B086F67}.Release|x86.Build.0 = Release|x86
		{3BC4CD6A-0F9C-4F55-AFB9-BBC60B086F67}.SingleImage|Any CPU.ActiveCfg = Release|x86
		{3BC4CD6A-0F9C-4F55-AFB9-BBC60B086F67}.SingleImage|Mixed Platforms.ActiveCfg = Release|x86
		{3BC4CD6A-0F9C-4F55-AFB9-BBC60B086F67}.SingleImage|Mixed Platforms.Build.0 = Release|x86
		{3BC4CD6A-0F9C-4F55-AFB9-BBC60B086F67}.SingleImage|X64.ActiveCfg = Release|x86
		{3BC4CD6A-0F9C-4F55-AFB9-BBC60B086F67}.SingleImage|x86.ActiveCfg = Release|x86
		{3BC4CD6A-0F9C-4F55-AFB9-BBC60B086F67}.SingleImage|x86.Build.0 = Release|x86
		{C20F4223-7B33-4BFA-9088-E15114F4CDED}.CD_ROM|Any CPU.ActiveCfg = Release|Any CPU
		{C20F4223-7B33-4BFA-9088-E15114F4CDED}.CD_ROM|Any CPU.Build.0 = Release|Any CPU
		{C20F4223-7B33-4BFA-9088-E15114F4CDED}.CD_ROM|Mixed Platforms.ActiveCfg = Release|Any CPU
		{C20F4223-7B33-4BFA-9088-E15114F4CDED}.CD_ROM|Mixed Platforms.Build.0 = Release|Any CPU
		{C20F4223-7B33-4BFA-9088-E15114F4CDED}.CD_ROM|X64.ActiveCfg = Release|Any CPU
		{C20F4223-7B33-4BFA-9088-E15114F4CDED}.CD_ROM|x86.ActiveCfg = Release|Any CPU
		{C20F4223-7B33-4BFA-9088-E15114F4CDED}.Debug|Any CPU.ActiveCfg = Debug|Any CPU
		{C20F4223-7B33-4BFA-9088-E15114F4CDED}.Debug|Any CPU.Build.0 = Debug|Any CPU
		{C20F4223-7B33-4BFA-9088-E15114F4CDED}.Debug|Mixed Platforms.ActiveCfg = Debug|Any CPU
		{C20F4223-7B33-4BFA-9088-E15114F4CDED}.Debug|Mixed Platforms.Build.0 = Debug|Any CPU
		{C20F4223-7B33-4BFA-9088-E15114F4CDED}.Debug|X64.ActiveCfg = Debug|Any CPU
		{C20F4223-7B33-4BFA-9088-E15114F4CDED}.Debug|x86.ActiveCfg = Debug|Any CPU
		{C20F4223-7B33-4BFA-9088-E15114F4CDED}.DVD-5|Any CPU.ActiveCfg = Debug|Any CPU
		{C20F4223-7B33-4BFA-9088-E15114F4CDED}.DVD-5|Any CPU.Build.0 = Debug|Any CPU
		{C20F4223-7B33-4BFA-9088-E15114F4CDED}.DVD-5|Mixed Platforms.ActiveCfg = Debug|Any CPU
		{C20F4223-7B33-4BFA-9088-E15114F4CDED}.DVD-5|Mixed Platforms.Build.0 = Debug|Any CPU
		{C20F4223-7B33-4BFA-9088-E15114F4CDED}.DVD-5|X64.ActiveCfg = Debug|Any CPU
		{C20F4223-7B33-4BFA-9088-E15114F4CDED}.DVD-5|x86.ActiveCfg = Debug|Any CPU
		{C20F4223-7B33-4BFA-9088-E15114F4CDED}.Release|Any CPU.ActiveCfg = Release|Any CPU
		{C20F4223-7B33-4BFA-9088-E15114F4CDED}.Release|Any CPU.Build.0 = Release|Any CPU
		{C20F4223-7B33-4BFA-9088-E15114F4CDED}.Release|Mixed Platforms.ActiveCfg = Release|Any CPU
		{C20F4223-7B33-4BFA-9088-E15114F4CDED}.Release|Mixed Platforms.Build.0 = Release|Any CPU
		{C20F4223-7B33-4BFA-9088-E15114F4CDED}.Release|X64.ActiveCfg = Release|Any CPU
		{C20F4223-7B33-4BFA-9088-E15114F4CDED}.Release|x86.ActiveCfg = Release|Any CPU
		{C20F4223-7B33-4BFA-9088-E15114F4CDED}.SingleImage|Any CPU.ActiveCfg = Release|Any CPU
		{C20F4223-7B33-4BFA-9088-E15114F4CDED}.SingleImage|Any CPU.Build.0 = Release|Any CPU
		{C20F4223-7B33-4BFA-9088-E15114F4CDED}.SingleImage|Mixed Platforms.ActiveCfg = Release|Any CPU
		{C20F4223-7B33-4BFA-9088-E15114F4CDED}.SingleImage|Mixed Platforms.Build.0 = Release|Any CPU
		{C20F4223-7B33-4BFA-9088-E15114F4CDED}.SingleImage|X64.ActiveCfg = Release|Any CPU
		{C20F4223-7B33-4BFA-9088-E15114F4CDED}.SingleImage|x86.ActiveCfg = Release|Any CPU
		{D07459D2-2D22-42AA-8F74-B7BBE19C6758}.CD_ROM|Any CPU.ActiveCfg = Release|Any CPU
		{D07459D2-2D22-42AA-8F74-B7BBE19C6758}.CD_ROM|Any CPU.Build.0 = Release|Any CPU
		{D07459D2-2D22-42AA-8F74-B7BBE19C6758}.CD_ROM|Mixed Platforms.ActiveCfg = Release|Any CPU
		{D07459D2-2D22-42AA-8F74-B7BBE19C6758}.CD_ROM|Mixed Platforms.Build.0 = Release|Any CPU
		{D07459D2-2D22-42AA-8F74-B7BBE19C6758}.CD_ROM|X64.ActiveCfg = Release|Any CPU
		{D07459D2-2D22-42AA-8F74-B7BBE19C6758}.CD_ROM|x86.ActiveCfg = Release|Any CPU
		{D07459D2-2D22-42AA-8F74-B7BBE19C6758}.Debug|Any CPU.ActiveCfg = Debug|Any CPU
		{D07459D2-2D22-42AA-8F74-B7BBE19C6758}.Debug|Any CPU.Build.0 = Debug|Any CPU
		{D07459D2-2D22-42AA-8F74-B7BBE19C6758}.Debug|Mixed Platforms.ActiveCfg = Debug|Any CPU
		{D07459D2-2D22-42AA-8F74-B7BBE19C6758}.Debug|Mixed Platforms.Build.0 = Debug|Any CPU
		{D07459D2-2D22-42AA-8F74-B7BBE19C6758}.Debug|X64.ActiveCfg = Debug|Any CPU
		{D07459D2-2D22-42AA-8F74-B7BBE19C6758}.Debug|x86.ActiveCfg = Debug|Any CPU
		{D07459D2-2D22-42AA-8F74-B7BBE19C6758}.DVD-5|Any CPU.ActiveCfg = Debug|Any CPU
		{D07459D2-2D22-42AA-8F74-B7BBE19C6758}.DVD-5|Any CPU.Build.0 = Debug|Any CPU
		{D07459D2-2D22-42AA-8F74-B7BBE19C6758}.DVD-5|Mixed Platforms.ActiveCfg = Debug|Any CPU
		{D07459D2-2D22-42AA-8F74-B7BBE19C6758}.DVD-5|Mixed Platforms.Build.0 = Debug|Any CPU
		{D07459D2-2D22-42AA-8F74-B7BBE19C6758}.DVD-5|X64.ActiveCfg = Debug|Any CPU
		{D07459D2-2D22-42AA-8F74-B7BBE19C6758}.DVD-5|x86.ActiveCfg = Debug|Any CPU
		{D07459D2-2D22-42AA-8F74-B7BBE19C6758}.Release|Any CPU.ActiveCfg = Release|Any CPU
		{D07459D2-2D22-42AA-8F74-B7BBE19C6758}.Release|Any CPU.Build.0 = Release|Any CPU
		{D07459D2-2D22-42AA-8F74-B7BBE19C6758}.Release|Mixed Platforms.ActiveCfg = Release|Any CPU
		{D07459D2-2D22-42AA-8F74-B7BBE19C6758}.Release|Mixed Platforms.Build.0 = Release|Any CPU
		{D07459D2-2D22-42AA-8F74-B7BBE19C6758}.Release|X64.ActiveCfg = Release|Any CPU
		{D07459D2-2D22-42AA-8F74-B7BBE19C6758}.Release|x86.ActiveCfg = Release|Any CPU
		{D07459D2-2D22-42AA-8F74-B7BBE19C6758}.SingleImage|Any CPU.ActiveCfg = Release|Any CPU
		{D07459D2-2D22-42AA-8F74-B7BBE19C6758}.SingleImage|Any CPU.Build.0 = Release|Any CPU
		{D07459D2-2D22-42AA-8F74-B7BBE19C6758}.SingleImage|Mixed Platforms.ActiveCfg = Release|Any CPU
		{D07459D2-2D22-42AA-8F74-B7BBE19C6758}.SingleImage|Mixed Platforms.Build.0 = Release|Any CPU
		{D07459D2-2D22-42AA-8F74-B7BBE19C6758}.SingleImage|X64.ActiveCfg = Release|Any CPU
		{D07459D2-2D22-42AA-8F74-B7BBE19C6758}.SingleImage|x86.ActiveCfg = Release|Any CPU
	EndGlobalSection
	GlobalSection(SolutionProperties) = preSolution
		HideSolutionNode = FALSE
	EndGlobalSection
	GlobalSection(ExtensibilityGlobals) = postSolution
		SolutionGuid = {8FBD7EAF-9A36-4115-AA4B-5690D9AFF799}
	EndGlobalSection
EndGlobal
